
Microsoft Visual Studio Solution File, Format Version 12.00
# Visual Studio Version 17
VisualStudioVersion = 17.11.35222.181
MinimumVisualStudioVersion = 10.0.40219.1
Project("{FAE04EC0-301F-11D3-BF4B-00C04F79EFBC}") = "GeneratorDataView.Client", "GeneratorDataView\GeneratorDataView.Client.csproj", "{3160F8CE-E87C-4562-8CF1-BD90DA6983AF}"
EndProject
Project("{FAE04EC0-301F-11D3-BF4B-00C04F79EFBC}") = "GeneratorDataView.InfraStructure", "GeneratorDataView.InfraStructure\GeneratorDataView.InfraStructure.csproj", "{66E5F2E4-35B4-40FF-BAEF-525DDD8D1D0E}"
EndProject
Project("{FAE04EC0-301F-11D3-BF4B-00C04F79EFBC}") = "GeneratorDataView.Domain", "GeneratorDataView.Domain\GeneratorDataView.Domain.csproj", "{4C9EA10A-227E-41EE-9895-A84C34699B91}"
EndProject
Global
	GlobalSection(SolutionConfigurationPlatforms) = preSolution
		Debug|Any CPU = Debug|Any CPU
		Release|Any CPU = Release|Any CPU
	EndGlobalSection
	GlobalSection(ProjectConfigurationPlatforms) = postSolution
		{3160F8CE-E87C-4562-8CF1-BD90DA6983AF}.Debug|Any CPU.ActiveCfg = Debug|Any CPU
		{3160F8CE-E87C-4562-8CF1-BD90DA6983AF}.Debug|Any CPU.Build.0 = Debug|Any CPU
		{3160F8CE-E87C-4562-8CF1-BD90DA6983AF}.Release|Any CPU.ActiveCfg = Release|Any CPU
		{3160F8CE-E87C-4562-8CF1-BD90DA6983AF}.Release|Any CPU.Build.0 = Release|Any CPU
		{66E5F2E4-35B4-40FF-BAEF-525DDD8D1D0E}.Debug|Any CPU.ActiveCfg = Debug|Any CPU
		{66E5F2E4-35B4-40FF-BAEF-525DDD8D1D0E}.Debug|Any CPU.Build.0 = Debug|Any CPU
		{66E5F2E4-35B4-40FF-BAEF-525DDD8D1D0E}.Release|Any CPU.ActiveCfg = Release|Any CPU
		{66E5F2E4-35B4-40FF-BAEF-525DDD8D1D0E}.Release|Any CPU.Build.0 = Release|Any CPU
		{4C9EA10A-227E-41EE-9895-A84C34699B91}.Debug|Any CPU.ActiveCfg = Debug|Any CPU
		{4C9EA10A-227E-41EE-9895-A84C34699B91}.Debug|Any CPU.Build.0 = Debug|Any CPU
		{4C9EA10A-227E-41EE-9895-A84C34699B91}.Release|Any CPU.ActiveCfg = Release|Any CPU
		{4C9EA10A-227E-41EE-9895-A84C34699B91}.Release|Any CPU.Build.0 = Release|Any CPU
	EndGlobalSection
	GlobalSection(SolutionProperties) = preSolution
		HideSolutionNode = FALSE
	EndGlobalSection
	GlobalSection(ExtensibilityGlobals) = postSolution
		SolutionGuid = {6296FF29-5104-4221-A18D-8DE59ECDAEF2}
	EndGlobalSection
EndGlobal
